{
  "originHash" : "94db718b6cef52851dd39a9d701ea0c2b5468cd7a23e54da1a24985d1ecfa8bd",
  "pins" : [
    {
      "identity" : "opencombine",
      "kind" : "remoteSourceControl",
      "location" : "https://github.com/OpenSwiftUIProject/OpenCombine.git",
      "state" : {
        "revision" : "63aef318cb3a853bcb8d774cce15f4dcb1ccdfe4",
        "version" : "0.15.1"
      }
    },
    {
      "identity" : "skip",
      "kind" : "remoteSourceControl",
      "location" : "https://source.skip.tools/skip.git",
      "state" : {
        "revision" : "3f1062759f02c0b78498f7d706924528bd9208d0",
        "version" : "1.8.16"
      }
    },
    {
      "identity" : "skip-foundation",
      "kind" : "remoteSourceControl",
      "location" : "https://source.skip.tools/skip-foundation.git",
      "state" : {
        "revision" : "bca98267dd2555469c486d9b1772b652b7a708e2",
        "version" : "1.4.0"
      }
    },
    {
      "identity" : "skip-lib",
      "kind" : "remoteSourceControl",
      "location" : "https://source.skip.tools/skip-lib.git",
      "state" : {
        "revision" : "76e7da8a870b5b66ea0c3264f648b58b73bcdc0d",
        "version" : "1.4.0"
      }
    },
    {
      "identity" : "skip-model",
      "kind" : "remoteSourceControl",
      "location" : "https://source.skip.tools/skip-model.git",
      "state" : {
        "revision" : "1f6ae8b6c9ce37a31c83444314ea527399e8636a",
        "version" : "1.7.3"
      }
    },
    {
      "identity" : "skip-ui",
      "kind" : "remoteSourceControl",
      "location" : "https://source.skip.tools/skip-ui.git",
      "state" : {
        "revision" : "7b2b4c3602879803334c5c6d2fb8a42002909f82",
        "version" : "1.54.0"
      }
    },
    {
      "identity" : "skip-unit",
      "kind" : "remoteSourceControl",
      "location" : "https://source.skip.tools/skip-unit.git",
      "state" : {
        "revision" : "920adff2065224ad592745a4cc028e9c2df137d4",
        "version" : "1.6.1"
      }
    }
  ],
  "version" : 3
}
