{
  "originHash" : "93237ed8876e2fcf306769c0eea41503e79bb6d466599314817861a63cafd834",
  "pins" : [
    {
      "identity" : "skip",
      "kind" : "remoteSourceControl",
      "location" : "https://source.skip.tools/skip.git",
      "state" : {
        "revision" : "1fd2e5c79264ad323d739d06ee366997c616408c",
        "version" : "1.8.13"
      }
    },
    {
      "identity" : "skip-foundation",
      "kind" : "remoteSourceControl",
      "location" : "https://source.skip.tools/skip-foundation.git",
      "state" : {
        "revision" : "bca98267dd2555469c486d9b1772b652b7a708e2",
        "version" : "1.4.0"
      }
    },
    {
      "identity" : "skip-lib",
      "kind" : "remoteSourceControl",
      "location" : "https://source.skip.tools/skip-lib.git",
      "state" : {
        "revision" : "76e7da8a870b5b66ea0c3264f648b58b73bcdc0d",
        "version" : "1.4.0"
      }
    },
    {
      "identity" : "skip-model",
      "kind" : "remoteSourceControl",
      "location" : "https://source.skip.tools/skip-model.git",
      "state" : {
        "revision" : "1f6ae8b6c9ce37a31c83444314ea527399e8636a",
        "version" : "1.7.3"
      }
    },
    {
      "identity" : "skip-ui",
      "kind" : "remoteSourceControl",
      "location" : "https://source.skip.tools/skip-ui.git",
      "state" : {
        "revision" : "d6c2dadd489a0292dca94c0b96e5b0100fbcdf96",
        "version" : "1.53.1"
      }
    },
    {
      "identity" : "skip-unit",
      "kind" : "remoteSourceControl",
      "location" : "https://source.skip.tools/skip-unit.git",
      "state" : {
        "revision" : "920adff2065224ad592745a4cc028e9c2df137d4",
        "version" : "1.6.1"
      }
    }
  ],
  "version" : 3
}
