{
  "originHash" : "4ab82b4c235dc6773fc0dabbce58ab275bbe6d501bb68bd23ec48a407a993cb1",
  "pins" : [
    {
      "identity" : "combine-schedulers",
      "kind" : "remoteSourceControl",
      "location" : "https://github.com/pointfreeco/combine-schedulers",
      "state" : {
        "revision" : "dcccb979a2183b8df3334237e3dc1ae2b4116a86",
        "version" : "1.2.0"
      }
    },
    {
      "identity" : "licensesplugin",
      "kind" : "remoteSourceControl",
      "location" : "https://github.com/maiyama18/LicensesPlugin",
      "state" : {
        "revision" : "3061787a7eca7ba801d7a3abccfc077053e79d73",
        "version" : "0.2.0"
      }
    },
    {
      "identity" : "rtt_sdk",
      "kind" : "remoteSourceControl",
      "location" : "https://github.com/flitto/rtt_sdk",
      "state" : {
        "revision" : "3a9d65b2f86c1b8c76118e4012db5e3313f0a389",
        "version" : "0.2.0"
      }
    },
    {
      "identity" : "skip",
      "kind" : "remoteSourceControl",
      "location" : "https://source.skip.tools/skip.git",
      "state" : {
        "revision" : "cb37ee25489f9b580435946be1882caf2f5b9b08",
        "version" : "1.8.2"
      }
    },
    {
      "identity" : "skip-android-bridge",
      "kind" : "remoteSourceControl",
      "location" : "https://source.skip.tools/skip-android-bridge.git",
      "state" : {
        "revision" : "f1f761fa208296b7fa56ee29e725529cc55735ac",
        "version" : "0.6.1"
      }
    },
    {
      "identity" : "skip-bridge",
      "kind" : "remoteSourceControl",
      "location" : "https://source.skip.tools/skip-bridge.git",
      "state" : {
        "revision" : "92ba906e8c8871140073f73315084fcd89711dc5",
        "version" : "0.16.7"
      }
    },
    {
      "identity" : "skip-foundation",
      "kind" : "remoteSourceControl",
      "location" : "https://source.skip.tools/skip-foundation.git",
      "state" : {
        "revision" : "b25e20ee614ea3081632345c4fdb5fdd9f4df695",
        "version" : "1.3.16"
      }
    },
    {
      "identity" : "skip-fuse",
      "kind" : "remoteSourceControl",
      "location" : "https://source.skip.tools/skip-fuse.git",
      "state" : {
        "revision" : "8f3295094ad29075730284c5197c7f1d94c0f2d9",
        "version" : "1.0.2"
      }
    },
    {
      "identity" : "skip-fuse-ui",
      "kind" : "remoteSourceControl",
      "location" : "https://source.skip.tools/skip-fuse-ui.git",
      "state" : {
        "revision" : "7513dcc91c9c90572a2bba8659c420b48ee07ea8",
        "version" : "1.14.5"
      }
    },
    {
      "identity" : "skip-lib",
      "kind" : "remoteSourceControl",
      "location" : "https://source.skip.tools/skip-lib.git",
      "state" : {
        "revision" : "5236223ac5bb80e25f0b11fbc5e7b87035b6753c",
        "version" : "1.3.9"
      }
    },
    {
      "identity" : "skip-model",
      "kind" : "remoteSourceControl",
      "location" : "https://source.skip.tools/skip-model.git",
      "state" : {
        "revision" : "400a13cf64387a0ae81403084c61eb15ca151096",
        "version" : "1.7.2"
      }
    },
    {
      "identity" : "skip-ui",
      "kind" : "remoteSourceControl",
      "location" : "https://source.skip.tools/skip-ui.git",
      "state" : {
        "revision" : "cf9d157d78f07abdb91c22255063c6211ca4d306",
        "version" : "1.50.3"
      }
    },
    {
      "identity" : "skip-unit",
      "kind" : "remoteSourceControl",
      "location" : "https://source.skip.tools/skip-unit.git",
      "state" : {
        "revision" : "9a7b4d2aa4c5d5784f3294fba24cf606ac109c75",
        "version" : "1.6.0"
      }
    },
    {
      "identity" : "swift-android-native",
      "kind" : "remoteSourceControl",
      "location" : "https://source.skip.tools/swift-android-native.git",
      "state" : {
        "revision" : "7e6e833e6f163a2b75340f75c70b1d96ea6b8135",
        "version" : "1.5.1"
      }
    },
    {
      "identity" : "swift-case-paths",
      "kind" : "remoteSourceControl",
      "location" : "https://github.com/pointfreeco/swift-case-paths",
      "state" : {
        "revision" : "206cbce3882b4de9aee19ce62ac5b7306cadd45b",
        "version" : "1.7.3"
      }
    },
    {
      "identity" : "swift-clocks",
      "kind" : "remoteSourceControl",
      "location" : "https://github.com/pointfreeco/swift-clocks",
      "state" : {
        "revision" : "cc46202b53476d64e824e0b6612da09d84ffde8e",
        "version" : "1.0.6"
      }
    },
    {
      "identity" : "swift-collections",
      "kind" : "remoteSourceControl",
      "location" : "https://github.com/apple/swift-collections",
      "state" : {
        "revision" : "6675bc0ff86e61436e615df6fc5174e043e57924",
        "version" : "1.4.1"
      }
    },
    {
      "identity" : "swift-composable-architecture",
      "kind" : "remoteSourceControl",
      "location" : "https://github.com/pointfreeco/swift-composable-architecture",
      "state" : {
        "revision" : "1eaa6fa2ee57ac42843283b9fd3457af408c858d",
        "version" : "1.25.5"
      }
    },
    {
      "identity" : "swift-concurrency-extras",
      "kind" : "remoteSourceControl",
      "location" : "https://github.com/pointfreeco/swift-concurrency-extras",
      "state" : {
        "revision" : "5a3825302b1a0d744183200915a47b508c828e6f",
        "version" : "1.3.2"
      }
    },
    {
      "identity" : "swift-custom-dump",
      "kind" : "remoteSourceControl",
      "location" : "https://github.com/pointfreeco/swift-custom-dump",
      "state" : {
        "revision" : "06c57924455064182d6b217f06ebc05d00cb2990",
        "version" : "1.5.0"
      }
    },
    {
      "identity" : "swift-dependencies",
      "kind" : "remoteSourceControl",
      "location" : "https://github.com/pointfreeco/swift-dependencies",
      "state" : {
        "revision" : "706feb7858a7f6c242879d137b8ee30926aa5b26",
        "version" : "1.12.0"
      }
    },
    {
      "identity" : "swift-identified-collections",
      "kind" : "remoteSourceControl",
      "location" : "https://github.com/pointfreeco/swift-identified-collections",
      "state" : {
        "revision" : "322d9ffeeba85c9f7c4984b39422ec7cc3c56597",
        "version" : "1.1.1"
      }
    },
    {
      "identity" : "swift-jni",
      "kind" : "remoteSourceControl",
      "location" : "https://source.skip.tools/swift-jni.git",
      "state" : {
        "revision" : "fe76ac21aca639976833b5ea3e875dc072519ac4",
        "version" : "0.5.0"
      }
    },
    {
      "identity" : "swift-navigation",
      "kind" : "remoteSourceControl",
      "location" : "https://github.com/pointfreeco/swift-navigation",
      "state" : {
        "revision" : "32f35241b8be0719c4c7f00eb27713b1cadb6248",
        "version" : "2.8.0"
      }
    },
    {
      "identity" : "swift-perception",
      "kind" : "remoteSourceControl",
      "location" : "https://github.com/pointfreeco/swift-perception",
      "state" : {
        "revision" : "25ac73741c3436605d61eceb5207e896973918e7",
        "version" : "2.0.10"
      }
    },
    {
      "identity" : "swift-sharing",
      "kind" : "remoteSourceControl",
      "location" : "https://github.com/pointfreeco/swift-sharing",
      "state" : {
        "revision" : "bc27f8322bc30f6ce7d864d137dc77a6de8b57eb",
        "version" : "2.8.0"
      }
    },
    {
      "identity" : "swift-syntax",
      "kind" : "remoteSourceControl",
      "location" : "https://github.com/swiftlang/swift-syntax",
      "state" : {
        "revision" : "9de99a78f099e59caf2b2beec65a4c45d54b2081",
        "version" : "603.0.1"
      }
    },
    {
      "identity" : "xctest-dynamic-overlay",
      "kind" : "remoteSourceControl",
      "location" : "https://github.com/pointfreeco/xctest-dynamic-overlay",
      "state" : {
        "revision" : "dfd70507def84cb5fb821278448a262c6ff2bbad",
        "version" : "1.9.0"
      }
    },
    {
      "identity" : "youtubeplayerkit",
      "kind" : "remoteSourceControl",
      "location" : "https://github.com/SvenTiigi/YouTubePlayerKit.git",
      "state" : {
        "revision" : "1ae827573024ab13dd6adea33b25d3eef6ff667c",
        "version" : "2.0.5"
      }
    }
  ],
  "version" : 3
}
